
Microsoft Visual Studio Solution File, Format Version 12.00
# Visual Studio Version 16
VisualStudioVersion = 16.0.30503.244
MinimumVisualStudioVersion = 10.0.40219.1
Project("{9A19103F-16F7-4668-BE54-9A1E7A4F7556}") = "ClassLibraryCykel", "ClassLibraryCykel.csproj", "{ACB59172-70CD-4BB6-BEF7-B82FB15DCDD7}"
EndProject
Project("{9A19103F-16F7-4668-BE54-9A1E7A4F7556}") = "UnitTestCykel", "..\UnitTestCykel\UnitTestCykel.csproj", "{3511CE24-91A4-4030-A650-8D799E1D2806}"
EndProject
Global
	GlobalSection(SolutionConfigurationPlatforms) = preSolution
		Debug|Any CPU = Debug|Any CPU
		Release|Any CPU = Release|Any CPU
	EndGlobalSection
	GlobalSection(ProjectConfigurationPlatforms) = postSolution
		{ACB59172-70CD-4BB6-BEF7-B82FB15DCDD7}.Debug|Any CPU.ActiveCfg = Debug|Any CPU
		{ACB59172-70CD-4BB6-BEF7-B82FB15DCDD7}.Debug|Any CPU.Build.0 = Debug|Any CPU
		{ACB59172-70CD-4BB6-BEF7-B82FB15DCDD7}.Release|Any CPU.ActiveCfg = Release|Any CPU
		{ACB59172-70CD-4BB6-BEF7-B82FB15DCDD7}.Release|Any CPU.Build.0 = Release|Any CPU
		{3511CE24-91A4-4030-A650-8D799E1D2806}.Debug|Any CPU.ActiveCfg = Debug|Any CPU
		{3511CE24-91A4-4030-A650-8D799E1D2806}.Debug|Any CPU.Build.0 = Debug|Any CPU
		{3511CE24-91A4-4030-A650-8D799E1D2806}.Release|Any CPU.ActiveCfg = Release|Any CPU
		{3511CE24-91A4-4030-A650-8D799E1D2806}.Release|Any CPU.Build.0 = Release|Any CPU
	EndGlobalSection
	GlobalSection(SolutionProperties) = preSolution
		HideSolutionNode = FALSE
	EndGlobalSection
	GlobalSection(ExtensibilityGlobals) = postSolution
		SolutionGuid = {8A97A7E2-79A4-4EB9-958C-5A621CF2AE44}
	EndGlobalSection
EndGlobal
